github.com/google/go-cmp v0.6.0 h1:ofyhxvXcZhMsU5ulbFiLKl/XBFqE1GSq7atu8tAmTRI=
github.com/google/go-cmp v0.6.0/go.mod h1:17dUlkBOakJ0+DkrSSNjCkIjxS6bF9zb3elmeNGIjoY=
github.com/pascaldekloe/goe v0.1.1 h1:Ah6WQ56rZONR3RW3qWa2NCZ6JAVvSpUcoLBaOmYFt9Q=
github.com/pascaldekloe/goe v0.1.1/go.mod h1:KSyfaxQOh0HZPjDP1FL/kFtbqYqrALJTaMafFUIccqU=
github.com/wmnsk/go-pfcp v0.0.23 h1:BhuKbFKHnoG/xWlGemAmh8kHG7iRxc6tuCo8E9qHkTI=
github.com/wmnsk/go-pfcp v0.0.23/go.mod h1:Q9B171qmZEI4k5n6trskNCz8JqW0J+RjpuqDE6ssF7o=
github.com/wmnsk/go-pfcp v0.0.24 h1:sv4F3U/IphsPUMXMkTJW877CRvXZ1sF5onWHGBvxx/A=
github.com/wmnsk/go-pfcp v0.0.24/go.mod h1:8EUVvOzlz25wkUs9D8STNAs5zGyIo5xEUpHQOUZ/iSg=
