github.com/google/go-cmp v0.6.0 h1:ofyhxvXcZhMsU5ulbFiLKl/XBFqE1GSq7atu8tAmTRI=
github.com/google/go-cmp v0.6.0/go.mod h1:17dUlkBOakJ0+DkrSSNjCkIjxS6bF9zb3elmeNGIjoY=
github.com/wmnsk/go-pfcp v0.0.24 h1:sv4F3U/IphsPUMXMkTJW877CRvXZ1sF5onWHGBvxx/A=
github.com/wmnsk/go-pfcp v0.0.24/go.mod h1:8EUVvOzlz25wkUs9D8STNAs5zGyIo5xEUpHQOUZ/iSg=
